
Microsoft Visual Studio Solution File, Format Version 12.00
# Visual Studio Version 16
VisualStudioVersion = 16.0.29306.81
MinimumVisualStudioVersion = 10.0.40219.1
Project("{FAE04EC0-301F-11D3-BF4B-00C04F79EFBC}") = "My First Web App", "My First Web App\My First Web App.csproj", "{13629E52-A552-4C7B-B85D-D217C365D1D2}"
EndProject
Global
	GlobalSection(SolutionConfigurationPlatforms) = preSolution
		Debug|Any CPU = Debug|Any CPU
		Release|Any CPU = Release|Any CPU
	EndGlobalSection
	GlobalSection(ProjectConfigurationPlatforms) = postSolution
		{13629E52-A552-4C7B-B85D-D217C365D1D2}.Debug|Any CPU.ActiveCfg = Debug|Any CPU
		{13629E52-A552-4C7B-B85D-D217C365D1D2}.Debug|Any CPU.Build.0 = Debug|Any CPU
		{13629E52-A552-4C7B-B85D-D217C365D1D2}.Release|Any CPU.ActiveCfg = Release|Any CPU
		{13629E52-A552-4C7B-B85D-D217C365D1D2}.Release|Any CPU.Build.0 = Release|Any CPU
	EndGlobalSection
	GlobalSection(SolutionProperties) = preSolution
		HideSolutionNode = FALSE
	EndGlobalSection
	GlobalSection(ExtensibilityGlobals) = postSolution
		SolutionGuid = {681FFA3C-F9FC-4FA5-915F-659D469FDB24}
	EndGlobalSection
EndGlobal
